{
    "name": "auto-generated-superface-project",
    "version": "1.0.0",
    "lockfileVersion": 3,
    "requires": true,
    "packages": {
        "": {
            "name": "auto-generated-superface-project",
            "version": "1.0.0",
            "license": "ISC",
            "dependencies": {
                "@superfaceai/one-sdk": "beta",
                "dotenv": "^16.0.3"
            },
            "engines": {
                "node": ">=18.0.0"
            }
        },
        "node_modules/@superfaceai/one-sdk": {
            "version": "3.0.0-beta.12",
            "resolved": "https://registry.npmjs.org/@superfaceai/one-sdk/-/one-sdk-3.0.0-beta.12.tgz",
            "integrity": "sha512-4KVpkPujRXhjK5knhcxz5EpSW+RVBfsmE9G0bAWvP7ZhB9L5gzbsITHGvBuhR6LpPWULNMW4PQ7NBrQVfcC1mg==",
            "engines": {
                "node": ">=18"
            }
        },
        "node_modules/dotenv": {
            "version": "16.3.1",
            "resolved": "https://registry.npmjs.org/dotenv/-/dotenv-16.3.1.tgz",
            "integrity": "sha512-IPzF4w4/Rd94bA9imS68tZBaYyBWSCE47V1RGuMrB94iyTOIEwRmVL2x/4An+6mETpLrKJ5hQkB8W4kFAadeIQ==",
            "engines": {
                "node": ">=12"
            },
            "funding": {
                "url": "https://github.com/motdotla/dotenv?sponsor=1"
            }
        }
    }
}
